<Solution>
  <Project Path="Asp.Net_Projeto01_HellowAsp/Asp.Net_Projeto01_HellowAsp.csproj" />
  <Project Path="Asp.Net_Projeto02_Rotas/Asp.Net_Projeto02_Rotas.csproj" />
  <Project Path="Asp.Net_Projeto03_DadosForm/Asp.Net_Projeto03_DadosForm.csproj" />
  <Project Path="Asp.Net_Projeto04_Crud/Asp.Net_Projeto04_Crud.csproj" />
  <Project Path="Asp.Net_Projeto05_TesteAPI/Asp.Net_Projeto05_TesteAPI.csproj" />
  <Project Path="Asp.Net_Projeto06_TelaDeLogin/Asp.Net_Projeto06_TelaDeLogin.csproj" />
  <Project Path="Asp.Net_Projeto07_ProjetoAPI/Asp.Net_Projeto07_ProjetoAPI.csproj" />
  <Project Path="Asp.Net_Projeto08_SQLServer/Asp.Net_Projeto08_SQLServer.csproj" />
</Solution>
